{
  "object": {
    "pins": [
      {
        "package": "Octicons.swift",
        "repositoryURL": "https://github.com/Iron-Ham/Octicons.swift",
        "state": {
          "branch": null,
          "revision": "ff32ca8302e904a449dc6bfc4d8afc11a3bce3da",
          "version": "1.0.1"
        }
      },
      {
        "package": "SDWebImage",
        "repositoryURL": "https://github.com/SDWebImage/SDWebImage.git",
        "state": {
          "branch": null,
          "revision": "a72df4849408da7e5d3c1b586797b7c601c41d1b",
          "version": "5.12.1"
        }
      },
      {
        "package": "SDWebImageSwiftUI",
        "repositoryURL": "https://github.com/SDWebImage/SDWebImageSwiftUI",
        "state": {
          "branch": null,
          "revision": "cd8625b7cf11a97698e180d28bb7d5d357196678",
          "version": "2.0.2"
        }
      }
    ]
  },
  "version": 1
}
